github.com/Difrex/gosway/ipc v0.0.0-20210203204411-a17115221bc1 h1:YRKBi8uTx9+Qs6A1qtEO1w8OPXgdXtEQ9GsGtiOT/dc=
github.com/Difrex/gosway/ipc v0.0.0-20210203204411-a17115221bc1/go.mod h1:hZTd2MPJSe6oi3O8arSxP2WEoIuHLgct4v0t1ssBtTU=
github.com/boltdb/bolt v1.3.1 h1:JQmyP4ZBrce+ZQu0dY660FMfatumYDLun9hBCUVIkF4=
github.com/boltdb/bolt v1.3.1/go.mod h1:clJnj/oiGkjum5o1McbSZDSLxVThjynRyGBgiAx27Ps=
golang.org/x/sys v0.1.0 h1:kunALQeHf1/185U1i0GOB/fy1IPRDDpuoOOqRReG57U=
golang.org/x/sys v0.1.0/go.mod h1:oPkhp1MJrh7nUepCBck5+mAzfO9JrbApNNgaTdGDITg=
